{
  "nodes": {
    "disko": {
      "inputs": {
        "nixpkgs": [
          "nixpkgs"
        ]
      },
      "locked": {
        "lastModified": 1715563999,
        "narHash": "sha256-DDXZOKK0C5YeZ/GTUj7HiT+oqYIt8+qTsldaDvhWHFc=",
        "owner": "nix-community",
        "repo": "disko",
        "rev": "e972a78f4a49cd92075d64b6feeef64d26bf2996",
        "type": "github"
      },
      "original": {
        "owner": "nix-community",
        "repo": "disko",
        "type": "github"
      }
    },
    "home-manager": {
      "inputs": {
        "nixpkgs": [
          "nixpkgs"
        ]
      },
      "locked": {
        "lastModified": 1715381426,
        "narHash": "sha256-wPuqrAQGdv3ISs74nJfGb+Yprm23U/rFpcHFFNWgM94=",
        "owner": "nix-community",
        "repo": "home-manager",
        "rev": "ab5542e9dbd13d0100f8baae2bc2d68af901f4b4",
        "type": "github"
      },
      "original": {
        "owner": "nix-community",
        "ref": "release-23.11",
        "repo": "home-manager",
        "type": "github"
      }
    },
    "nixpkgs": {
      "locked": {
        "lastModified": 1715542476,
        "narHash": "sha256-FF593AtlzQqa8JpzrXyRws4CeKbc5W86o8tHt4nRfIg=",
        "owner": "nixos",
        "repo": "nixpkgs",
        "rev": "44072e24566c5bcc0b7aa9178a0104f4cfffab19",
        "type": "github"
      },
      "original": {
        "owner": "nixos",
        "ref": "nixos-23.11",
        "repo": "nixpkgs",
        "type": "github"
      }
    },
    "nixpkgs-stable": {
      "locked": {
        "lastModified": 1715458492,
        "narHash": "sha256-q0OFeZqKQaik2U8wwGDsELEkgoZMK7gvfF6tTXkpsqE=",
        "owner": "NixOS",
        "repo": "nixpkgs",
        "rev": "8e47858badee5594292921c2668c11004c3b0142",
        "type": "github"
      },
      "original": {
        "owner": "NixOS",
        "ref": "release-23.11",
        "repo": "nixpkgs",
        "type": "github"
      }
    },
    "nixpkgs_2": {
      "locked": {
        "lastModified": 1715413075,
        "narHash": "sha256-FCi3R1MeS5bVp0M0xTheveP6hhcCYfW/aghSTPebYL4=",
        "owner": "NixOS",
        "repo": "nixpkgs",
        "rev": "e4e7a43a9db7e22613accfeb1005cca1b2b1ee0d",
        "type": "github"
      },
      "original": {
        "owner": "NixOS",
        "ref": "nixpkgs-unstable",
        "repo": "nixpkgs",
        "type": "github"
      }
    },
    "nur": {
      "locked": {
        "lastModified": 1715640329,
        "narHash": "sha256-63UqbFOGu3TuYs2cfFElcmAYIQXZG5mfUNwZ2mRK0xs=",
        "owner": "nix-community",
        "repo": "NUR",
        "rev": "12c94e6547b7432466087c3698795dcea329dfdb",
        "type": "github"
      },
      "original": {
        "owner": "nix-community",
        "repo": "NUR",
        "type": "github"
      }
    },
    "root": {
      "inputs": {
        "disko": "disko",
        "home-manager": "home-manager",
        "nixpkgs": "nixpkgs",
        "nur": "nur",
        "scripts": "scripts",
        "sops-nix": "sops-nix",
        "wallpapers": "wallpapers"
      }
    },
    "scripts": {
      "locked": {
        "lastModified": 1709958643,
        "narHash": "sha256-+NHuHYUTUkjIOaCZlH7gICDwRu2dMgJ6smmU9DvgLT0=",
        "owner": "ret2pop",
        "repo": "scripts",
        "rev": "8e230dcb118d5a25629c1980a4764ae071bfb2bf",
        "type": "github"
      },
      "original": {
        "owner": "ret2pop",
        "repo": "scripts",
        "type": "github"
      }
    },
    "sops-nix": {
      "inputs": {
        "nixpkgs": "nixpkgs_2",
        "nixpkgs-stable": "nixpkgs-stable"
      },
      "locked": {
        "lastModified": 1715482972,
        "narHash": "sha256-y1uMzXNlrVOWYj1YNcsGYLm4TOC2aJrwoUY1NjQs9fM=",
        "owner": "Mic92",
        "repo": "sops-nix",
        "rev": "b6cb5de2ce57acb10ecdaaf9bbd62a5ff24fa02e",
        "type": "github"
      },
      "original": {
        "owner": "Mic92",
        "repo": "sops-nix",
        "type": "github"
      }
    },
    "wallpapers": {
      "locked": {
        "lastModified": 1710138216,
        "narHash": "sha256-LcgB1Fkb9PZLF9BiV310mSWe3emK1+aJ2gxkeSsuOQ4=",
        "owner": "ret2pop",
        "repo": "wallpapers",
        "rev": "18edf36b53936ee2eda766b7b29ee91b21e2d5cd",
        "type": "github"
      },
      "original": {
        "owner": "ret2pop",
        "repo": "wallpapers",
        "type": "github"
      }
    }
  },
  "root": "root",
  "version": 7
}
